
Microsoft Visual Studio Solution File, Format Version 12.00
# Visual Studio Version 17
VisualStudioVersion = 17.2.32630.192
MinimumVisualStudioVersion = 10.0.40219.1
Project("{FAE04EC0-301F-11D3-BF4B-00C04F79EFBC}") = "IW4X-Fps-Boost", "IW4X-Fps-Boost\IW4X-Fps-Boost.csproj", "{D0080548-DA66-4A0A-BEA7-B5E372135026}"
EndProject
Global
	GlobalSection(SolutionConfigurationPlatforms) = preSolution
		Debug|x86 = Debug|x86
		Release|x86 = Release|x86
	EndGlobalSection
	GlobalSection(ProjectConfigurationPlatforms) = postSolution
		{D0080548-DA66-4A0A-BEA7-B5E372135026}.Debug|x86.ActiveCfg = Debug|x86
		{D0080548-DA66-4A0A-BEA7-B5E372135026}.Debug|x86.Build.0 = Debug|x86
		{D0080548-DA66-4A0A-BEA7-B5E372135026}.Release|x86.ActiveCfg = Release|x86
		{D0080548-DA66-4A0A-BEA7-B5E372135026}.Release|x86.Build.0 = Release|x86
	EndGlobalSection
	GlobalSection(SolutionProperties) = preSolution
		HideSolutionNode = FALSE
	EndGlobalSection
	GlobalSection(ExtensibilityGlobals) = postSolution
		SolutionGuid = {57BC9CBB-C044-4604-9549-EED7FB4B54F7}
	EndGlobalSection
EndGlobal
